
Microsoft Visual Studio Solution File, Format Version 12.00
# Visual Studio 15
VisualStudioVersion = 15.0.26430.16
MinimumVisualStudioVersion = 10.0.40219.1
Project("{8BC9CEB8-8B4A-11D0-8D11-00A0C91BC942}") = "SupergodsSandbox", "SupergodsSandbox\SupergodsSandbox.vcxproj", "{C9D9E9B6-CAF7-445E-8603-02922478025B}"
	ProjectSection(ProjectDependencies) = postProject
		{80A61562-03E2-4029-9671-CD4A60414969} = {80A61562-03E2-4029-9671-CD4A60414969}
	EndProjectSection
EndProject
Project("{8BC9CEB8-8B4A-11D0-8D11-00A0C91BC942}") = "SupergodEngineTesting", "SupergodEngineTesting\SupergodEngineTesting.vcxproj", "{A374EB0E-795F-47F0-8362-195DF1C816FC}"
EndProject
Project("{8BC9CEB8-8B4A-11D0-8D11-00A0C91BC942}") = "SupergodCore", "SupergodCore\SupergodCore.vcxproj", "{80A61562-03E2-4029-9671-CD4A60414969}"
EndProject
Global
	GlobalSection(SolutionConfigurationPlatforms) = preSolution
		Debug|x64 = Debug|x64
		Debug|x86 = Debug|x86
		Release|x64 = Release|x64
		Release|x86 = Release|x86
	EndGlobalSection
	GlobalSection(ProjectConfigurationPlatforms) = postSolution
		{C9D9E9B6-CAF7-445E-8603-02922478025B}.Debug|x64.ActiveCfg = Debug|x64
		{C9D9E9B6-CAF7-445E-8603-02922478025B}.Debug|x64.Build.0 = Debug|x64
		{C9D9E9B6-CAF7-445E-8603-02922478025B}.Debug|x86.ActiveCfg = Debug|Win32
		{C9D9E9B6-CAF7-445E-8603-02922478025B}.Debug|x86.Build.0 = Debug|Win32
		{C9D9E9B6-CAF7-445E-8603-02922478025B}.Release|x64.ActiveCfg = Release|x64
		{C9D9E9B6-CAF7-445E-8603-02922478025B}.Release|x64.Build.0 = Release|x64
		{C9D9E9B6-CAF7-445E-8603-02922478025B}.Release|x86.ActiveCfg = Release|Win32
		{C9D9E9B6-CAF7-445E-8603-02922478025B}.Release|x86.Build.0 = Release|Win32
		{A374EB0E-795F-47F0-8362-195DF1C816FC}.Debug|x64.ActiveCfg = Debug|x64
		{A374EB0E-795F-47F0-8362-195DF1C816FC}.Debug|x64.Build.0 = Debug|x64
		{A374EB0E-795F-47F0-8362-195DF1C816FC}.Debug|x86.ActiveCfg = Debug|Win32
		{A374EB0E-795F-47F0-8362-195DF1C816FC}.Debug|x86.Build.0 = Debug|Win32
		{A374EB0E-795F-47F0-8362-195DF1C816FC}.Release|x64.ActiveCfg = Release|x64
		{A374EB0E-795F-47F0-8362-195DF1C816FC}.Release|x64.Build.0 = Release|x64
		{A374EB0E-795F-47F0-8362-195DF1C816FC}.Release|x86.ActiveCfg = Release|Win32
		{A374EB0E-795F-47F0-8362-195DF1C816FC}.Release|x86.Build.0 = Release|Win32
		{80A61562-03E2-4029-9671-CD4A60414969}.Debug|x64.ActiveCfg = Debug|x64
		{80A61562-03E2-4029-9671-CD4A60414969}.Debug|x64.Build.0 = Debug|x64
		{80A61562-03E2-4029-9671-CD4A60414969}.Debug|x86.ActiveCfg = Debug|Win32
		{80A61562-03E2-4029-9671-CD4A60414969}.Debug|x86.Build.0 = Debug|Win32
		{80A61562-03E2-4029-9671-CD4A60414969}.Release|x64.ActiveCfg = Release|x64
		{80A61562-03E2-4029-9671-CD4A60414969}.Release|x64.Build.0 = Release|x64
		{80A61562-03E2-4029-9671-CD4A60414969}.Release|x86.ActiveCfg = Release|Win32
		{80A61562-03E2-4029-9671-CD4A60414969}.Release|x86.Build.0 = Release|Win32
	EndGlobalSection
	GlobalSection(SolutionProperties) = preSolution
		HideSolutionNode = FALSE
	EndGlobalSection
EndGlobal
