<?xml version="1.0" encoding="utf-8"?>
<Project ToolsVersion="4.0" xmlns="http://schemas.microsoft.com/developer/msbuild/2003">
  <ItemGroup>
    <ClInclude Include="Math\MathConstants.h" />
    <ClInclude Include="Common\CommonDefines.h" />
    <ClInclude Include="Math\Interfaces\ISupergodEquatable.h" />
    <ClInclude Include="Math\Vectors\Vector2D.h" />
    <ClInclude Include="Math\SMath.h" />
    <ClInclude Include="Math\Interfaces\ArithmeticInterfaces.h" />
    <ClInclude Include="Math\Interfaces\ILerpable.h" />
    <ClInclude Include="Math\Vectors\Vector3D.h" />
    <ClInclude Include="Math\Vectors\Vector4D.h" />
    <ClInclude Include="Math\Angle.h" />
    <ClInclude Include="Math\Interfaces\ISizeComparable.h" />
    <ClInclude Include="Math\Math.h" />
    <ClInclude Include="Math\Colors\FColor.h" />
    <ClInclude Include="Math\Colors\BColor.h" />
    <ClInclude Include="Math\Colors\Colors.h" />
    <ClInclude Include="SupergodCore.h" />
    <ClInclude Include="Math\Interfaces\ITransformer.h" />
    <ClInclude Include="Math\Interfaces\IRotator.h" />
    <ClInclude Include="Math\Matrices\Matrix4x4.h" />
    <ClInclude Include="Math\Matrices\Matrix2x2.h" />
    <ClInclude Include="Math\Vectors\Vectors.h" />
    <ClInclude Include="Math\Matrices\Matrices.h" />
    <ClInclude Include="Math\Matrices\MatrixCommon.h" />
    <ClInclude Include="Math\Vectors\VectorCommon.h" />
  </ItemGroup>
  <ItemGroup>
    <ClCompile Include="Math\Vectors\Vector2D.cpp" />
    <ClCompile Include="Math\SMath.cpp" />
    <ClCompile Include="Math\Vectors\Vector3D.cpp" />
    <ClCompile Include="Math\Vectors\Vector4D.cpp" />
    <ClCompile Include="Math\Angle.cpp" />
    <ClCompile Include="Math\Colors\FColor.cpp" />
    <ClCompile Include="Math\Colors\BColor.cpp" />
    <ClCompile Include="Math\Matrices\Matrix4x4.cpp" />
    <ClCompile Include="Math\Matrices\Matrix2x2.cpp" />
  </ItemGroup>
</Project>